
Microsoft Visual Studio Solution File, Format Version 12.00
# Visual Studio Version 17
VisualStudioVersion = 17.14.36113.48
MinimumVisualStudioVersion = 10.0.40219.1
Project("{FAE04EC0-301F-11D3-BF4B-00C04F79EFBC}") = "BuildDemo2", "BuildDemo2\BuildDemo2.csproj", "{92A4C014-BFFB-4AC4-8A66-82DD7D34FD53}"
EndProject
Global
	GlobalSection(SolutionConfigurationPlatforms) = preSolution
		Debug|Any CPU = Debug|Any CPU
		Release|Any CPU = Release|Any CPU
	EndGlobalSection
	GlobalSection(ProjectConfigurationPlatforms) = postSolution
		{92A4C014-BFFB-4AC4-8A66-82DD7D34FD53}.Debug|Any CPU.ActiveCfg = Debug|Any CPU
		{92A4C014-BFFB-4AC4-8A66-82DD7D34FD53}.Debug|Any CPU.Build.0 = Debug|Any CPU
		{92A4C014-BFFB-4AC4-8A66-82DD7D34FD53}.Release|Any CPU.ActiveCfg = Release|Any CPU
		{92A4C014-BFFB-4AC4-8A66-82DD7D34FD53}.Release|Any CPU.Build.0 = Release|Any CPU
	EndGlobalSection
	GlobalSection(SolutionProperties) = preSolution
		HideSolutionNode = FALSE
	EndGlobalSection
	GlobalSection(ExtensibilityGlobals) = postSolution
		SolutionGuid = {9530EED5-E2B2-405B-8D86-F614B700E306}
	EndGlobalSection
EndGlobal
